
Microsoft Visual Studio Solution File, Format Version 12.00
# Visual Studio 2012
Project("{FAE04EC0-301F-11D3-BF4B-00C04F79EFBC}") = "PokerHandsKata", "PokerHandsKata\PokerHandsKata.csproj", "{E9C539DE-0344-44C3-8F48-359F36E43A2C}"
EndProject
Project("{FAE04EC0-301F-11D3-BF4B-00C04F79EFBC}") = "PokerHandsKata.Tests", "PokerHandsKata.Tests\PokerHandsKata.Tests.csproj", "{A623C963-5A75-455C-AC06-81E40540BEAA}"
EndProject
Global
	GlobalSection(SolutionConfigurationPlatforms) = preSolution
		Debug|Any CPU = Debug|Any CPU
		Release|Any CPU = Release|Any CPU
	EndGlobalSection
	GlobalSection(ProjectConfigurationPlatforms) = postSolution
		{E9C539DE-0344-44C3-8F48-359F36E43A2C}.Debug|Any CPU.ActiveCfg = Debug|Any CPU
		{E9C539DE-0344-44C3-8F48-359F36E43A2C}.Debug|Any CPU.Build.0 = Debug|Any CPU
		{E9C539DE-0344-44C3-8F48-359F36E43A2C}.Release|Any CPU.ActiveCfg = Release|Any CPU
		{E9C539DE-0344-44C3-8F48-359F36E43A2C}.Release|Any CPU.Build.0 = Release|Any CPU
		{A623C963-5A75-455C-AC06-81E40540BEAA}.Debug|Any CPU.ActiveCfg = Debug|Any CPU
		{A623C963-5A75-455C-AC06-81E40540BEAA}.Debug|Any CPU.Build.0 = Debug|Any CPU
		{A623C963-5A75-455C-AC06-81E40540BEAA}.Release|Any CPU.ActiveCfg = Release|Any CPU
		{A623C963-5A75-455C-AC06-81E40540BEAA}.Release|Any CPU.Build.0 = Release|Any CPU
	EndGlobalSection
	GlobalSection(SolutionProperties) = preSolution
		HideSolutionNode = FALSE
	EndGlobalSection
EndGlobal
